
Microsoft Visual Studio Solution File, Format Version 12.00
# Visual Studio 15
VisualStudioVersion = 15.0.28307.329
MinimumVisualStudioVersion = 10.0.40219.1
Project("{8BC9CEB8-8B4A-11D0-8D11-00A0C91BC942}") = "DIP_Library", "DIP_Library\DIP_Library.vcxproj", "{778EB7CF-838A-4968-BC7F-821397185F0C}"
EndProject
Project("{8BC9CEB8-8B4A-11D0-8D11-00A0C91BC942}") = "DIP_Project", "DIP_Project\DIP_Project.vcxproj", "{1A8F4B3B-98AB-4FE6-B514-DA3FB670AEF0}"
EndProject
Global
	GlobalSection(SolutionConfigurationPlatforms) = preSolution
		Debug|x64 = Debug|x64
		Debug|x86 = Debug|x86
		Release|x64 = Release|x64
		Release|x86 = Release|x86
	EndGlobalSection
	GlobalSection(ProjectConfigurationPlatforms) = postSolution
		{778EB7CF-838A-4968-BC7F-821397185F0C}.Debug|x64.ActiveCfg = Debug|x64
		{778EB7CF-838A-4968-BC7F-821397185F0C}.Debug|x64.Build.0 = Debug|x64
		{778EB7CF-838A-4968-BC7F-821397185F0C}.Debug|x86.ActiveCfg = Debug|Win32
		{778EB7CF-838A-4968-BC7F-821397185F0C}.Debug|x86.Build.0 = Debug|Win32
		{778EB7CF-838A-4968-BC7F-821397185F0C}.Release|x64.ActiveCfg = Release|x64
		{778EB7CF-838A-4968-BC7F-821397185F0C}.Release|x64.Build.0 = Release|x64
		{778EB7CF-838A-4968-BC7F-821397185F0C}.Release|x86.ActiveCfg = Release|Win32
		{778EB7CF-838A-4968-BC7F-821397185F0C}.Release|x86.Build.0 = Release|Win32
		{1A8F4B3B-98AB-4FE6-B514-DA3FB670AEF0}.Debug|x64.ActiveCfg = Debug|x64
		{1A8F4B3B-98AB-4FE6-B514-DA3FB670AEF0}.Debug|x64.Build.0 = Debug|x64
		{1A8F4B3B-98AB-4FE6-B514-DA3FB670AEF0}.Debug|x86.ActiveCfg = Debug|Win32
		{1A8F4B3B-98AB-4FE6-B514-DA3FB670AEF0}.Debug|x86.Build.0 = Debug|Win32
		{1A8F4B3B-98AB-4FE6-B514-DA3FB670AEF0}.Release|x64.ActiveCfg = Release|x64
		{1A8F4B3B-98AB-4FE6-B514-DA3FB670AEF0}.Release|x64.Build.0 = Release|x64
		{1A8F4B3B-98AB-4FE6-B514-DA3FB670AEF0}.Release|x86.ActiveCfg = Release|Win32
		{1A8F4B3B-98AB-4FE6-B514-DA3FB670AEF0}.Release|x86.Build.0 = Release|Win32
	EndGlobalSection
	GlobalSection(SolutionProperties) = preSolution
		HideSolutionNode = FALSE
	EndGlobalSection
	GlobalSection(ExtensibilityGlobals) = postSolution
		SolutionGuid = {056CA35F-C56E-4A34-AE7C-2BFEC8EE8696}
	EndGlobalSection
EndGlobal
